
Microsoft Visual Studio Solution File, Format Version 12.00
# Visual Studio Version 17
VisualStudioVersion = 17.11.35222.181
MinimumVisualStudioVersion = 10.0.40219.1
Project("{FAE04EC0-301F-11D3-BF4B-00C04F79EFBC}") = "BostadzPortalenWebAPI", "BostadzPortalenWebAPI.csproj", "{B7704D98-7242-41AF-B8D0-264545F26B87}"
EndProject
Global
	GlobalSection(SolutionConfigurationPlatforms) = preSolution
		Debug|Any CPU = Debug|Any CPU
		Release|Any CPU = Release|Any CPU
	EndGlobalSection
	GlobalSection(ProjectConfigurationPlatforms) = postSolution
		{B7704D98-7242-41AF-B8D0-264545F26B87}.Debug|Any CPU.ActiveCfg = Debug|Any CPU
		{B7704D98-7242-41AF-B8D0-264545F26B87}.Debug|Any CPU.Build.0 = Debug|Any CPU
		{B7704D98-7242-41AF-B8D0-264545F26B87}.Release|Any CPU.ActiveCfg = Release|Any CPU
		{B7704D98-7242-41AF-B8D0-264545F26B87}.Release|Any CPU.Build.0 = Release|Any CPU
	EndGlobalSection
	GlobalSection(SolutionProperties) = preSolution
		HideSolutionNode = FALSE
	EndGlobalSection
	GlobalSection(ExtensibilityGlobals) = postSolution
		SolutionGuid = {352DE5C1-C370-45B8-BD0F-886102195F11}
	EndGlobalSection
EndGlobal
